{
  "nodes": {
    "libhc": {
      "flake": false,
      "locked": {
        "lastModified": 1727975523,
        "narHash": "sha256-czh/KJwqefODf2xz+pUaqItgtTeg0hZ2j+RrQSjTU6E=",
        "owner": "panda-re",
        "repo": "libhc",
        "rev": "7fce37676725fe62544fdda3618ae9f680a9ecf5",
        "type": "github"
      },
      "original": {
        "owner": "panda-re",
        "repo": "libhc",
        "type": "github"
      }
    },
    "nixpkgs": {
      "locked": {
        "lastModified": 1717112898,
        "narHash": "sha256-7R2ZvOnvd9h8fDd65p0JnB7wXfUvreox3xFdYWd1BnY=",
        "owner": "NixOS",
        "repo": "nixpkgs",
        "rev": "6132b0f6e344ce2fe34fc051b72fb46e34f668e0",
        "type": "github"
      },
      "original": {
        "id": "nixpkgs",
        "type": "indirect"
      }
    },
    "root": {
      "inputs": {
        "libhc": "libhc",
        "nixpkgs": "nixpkgs"
      }
    }
  },
  "root": "root",
  "version": 7
}
