{
  "nodes": {
    "libhc": {
      "flake": false,
      "locked": {
        "lastModified": 1746116303,
        "narHash": "sha256-hmqYiqk30CJWRJXcl9AJRJsn8VKeWtMytyaPEbY+gew=",
        "owner": "panda-re",
        "repo": "libhc",
        "rev": "b2f2efbd948faca9e242ae410e035c0065ec433a",
        "type": "github"
      },
      "original": {
        "owner": "panda-re",
        "repo": "libhc",
        "type": "github"
      }
    },
    "nixpkgs": {
      "locked": {
        "lastModified": 1760965567,
        "narHash": "sha256-0JDOal5P7xzzAibvD0yTE3ptyvoVOAL0rcELmDdtSKg=",
        "owner": "NixOS",
        "repo": "nixpkgs",
        "rev": "cb82756ecc37fa623f8cf3e88854f9bf7f64af93",
        "type": "github"
      },
      "original": {
        "id": "nixpkgs",
        "type": "indirect"
      }
    },
    "root": {
      "inputs": {
        "libhc": "libhc",
        "nixpkgs": "nixpkgs"
      }
    }
  },
  "root": "root",
  "version": 7
}
